
Microsoft Visual Studio Solution File, Format Version 12.00
# Visual Studio 15
VisualStudioVersion = 15.0.26730.15
MinimumVisualStudioVersion = 10.0.40219.1
Project("{FAE04EC0-301F-11D3-BF4B-00C04F79EFBC}") = "Biblioteca", "Biblioteca\Biblioteca.csproj", "{4301FF1B-D373-45BF-89CA-BCAC26C2A6EA}"
EndProject
Global
	GlobalSection(SolutionConfigurationPlatforms) = preSolution
		Debug|Any CPU = Debug|Any CPU
		Release|Any CPU = Release|Any CPU
	EndGlobalSection
	GlobalSection(ProjectConfigurationPlatforms) = postSolution
		{4301FF1B-D373-45BF-89CA-BCAC26C2A6EA}.Debug|Any CPU.ActiveCfg = Debug|Any CPU
		{4301FF1B-D373-45BF-89CA-BCAC26C2A6EA}.Debug|Any CPU.Build.0 = Debug|Any CPU
		{4301FF1B-D373-45BF-89CA-BCAC26C2A6EA}.Release|Any CPU.ActiveCfg = Release|Any CPU
		{4301FF1B-D373-45BF-89CA-BCAC26C2A6EA}.Release|Any CPU.Build.0 = Release|Any CPU
	EndGlobalSection
	GlobalSection(SolutionProperties) = preSolution
		HideSolutionNode = FALSE
	EndGlobalSection
	GlobalSection(ExtensibilityGlobals) = postSolution
		SolutionGuid = {2B7387AF-7BAF-4C5A-ACB9-778EA4AD7DFA}
	EndGlobalSection
EndGlobal
